// !$*UTF8*$!
{
	archiveVersion = 1;
	classes = {
	};
	objectVersion = 52;
	objects = {

/* Begin PBXBuildFile section */
		8DA62DB8264C0F0800BD5AA9 /* CountryDetailView.swift in Sources */ = {isa = PBXBuildFile; fileRef = 8DA62DB7264C0F0800BD5AA9 /* CountryDetailView.swift */; };
		8DF4C9D92649A2A3006A78DF /* HelloGraphQLApp.swift in Sources */ = {isa = PBXBuildFile; fileRef = 8DF4C9D82649A2A3006A78DF /* HelloGraphQLApp.swift */; };
		8DF4C9DB2649A2A3006A78DF /* ContentView.swift in Sources */ = {isa = PBXBuildFile; fileRef = 8DF4C9DA2649A2A3006A78DF /* ContentView.swift */; };
		8DF4C9DD2649A2A4006A78DF /* Assets.xcassets in Resources */ = {isa = PBXBuildFile; fileRef = 8DF4C9DC2649A2A4006A78DF /* Assets.xcassets */; };
		8DF4C9E02649A2A4006A78DF /* Preview Assets.xcassets in Resources */ = {isa = PBXBuildFile; fileRef = 8DF4C9DF2649A2A4006A78DF /* Preview Assets.xcassets */; };
		8DF4C9EA2649A4A4006A78DF /* ApolloCore in Frameworks */ = {isa = PBXBuildFile; productRef = 8DF4C9E92649A4A4006A78DF /* ApolloCore */; };
		8DF4C9EC2649A4A4006A78DF /* ApolloSQLite in Frameworks */ = {isa = PBXBuildFile; productRef = 8DF4C9EB2649A4A4006A78DF /* ApolloSQLite */; };
		8DF4C9EE2649A4A4006A78DF /* ApolloWebSocket in Frameworks */ = {isa = PBXBuildFile; productRef = 8DF4C9ED2649A4A4006A78DF /* ApolloWebSocket */; };
		8DF4C9F02649A4A4006A78DF /* Apollo in Frameworks */ = {isa = PBXBuildFile; productRef = 8DF4C9EF2649A4A4006A78DF /* Apollo */; };
		8DF4C9F22649A4A4006A78DF /* ApolloCodegenLib in Frameworks */ = {isa = PBXBuildFile; productRef = 8DF4C9F12649A4A4006A78DF /* ApolloCodegenLib */; };
		8DF4C9F52649A53E006A78DF /* schema.json in Resources */ = {isa = PBXBuildFile; fileRef = 8DF4C9F42649A53E006A78DF /* schema.json */; };
		8DF4C9F92649A59E006A78DF /* Queries.graphql in Resources */ = {isa = PBXBuildFile; fileRef = 8DF4C9F82649A59E006A78DF /* Queries.graphql */; };
		8DF4C9FE2649A64C006A78DF /* API.swift in Sources */ = {isa = PBXBuildFile; fileRef = 8DF4C9FD2649A64C006A78DF /* API.swift */; };
		8DF4CA022649A69F006A78DF /* Apollo.swift in Sources */ = {isa = PBXBuildFile; fileRef = 8DF4CA012649A69F006A78DF /* Apollo.swift */; };
/* End PBXBuildFile section */

/* Begin PBXFileReference section */
		8DA62DB7264C0F0800BD5AA9 /* CountryDetailView.swift */ = {isa = PBXFileReference; lastKnownFileType = sourcecode.swift; path = CountryDetailView.swift; sourceTree = "<group>"; };
		8DF4C9D52649A2A3006A78DF /* HelloGraphQL.app */ = {isa = PBXFileReference; explicitFileType = wrapper.application; includeInIndex = 0; path = HelloGraphQL.app; sourceTree = BUILT_PRODUCTS_DIR; };
		8DF4C9D82649A2A3006A78DF /* HelloGraphQLApp.swift */ = {isa = PBXFileReference; lastKnownFileType = sourcecode.swift; path = HelloGraphQLApp.swift; sourceTree = "<group>"; };
		8DF4C9DA2649A2A3006A78DF /* ContentView.swift */ = {isa = PBXFileReference; lastKnownFileType = sourcecode.swift; path = ContentView.swift; sourceTree = "<group>"; };
		8DF4C9DC2649A2A4006A78DF /* Assets.xcassets */ = {isa = PBXFileReference; lastKnownFileType = folder.assetcatalog; path = Assets.xcassets; sourceTree = "<group>"; };
		8DF4C9DF2649A2A4006A78DF /* Preview Assets.xcassets */ = {isa = PBXFileReference; lastKnownFileType = folder.assetcatalog; path = "Preview Assets.xcassets"; sourceTree = "<group>"; };
		8DF4C9E12649A2A4006A78DF /* Info.plist */ = {isa = PBXFileReference; lastKnownFileType = text.plist.xml; path = Info.plist; sourceTree = "<group>"; };
		8DF4C9F42649A53E006A78DF /* schema.json */ = {isa = PBXFileReference; fileEncoding = 4; lastKnownFileType = text.json; path = schema.json; sourceTree = "<group>"; };
		8DF4C9F82649A59E006A78DF /* Queries.graphql */ = {isa = PBXFileReference; lastKnownFileType = text; path = Queries.graphql; sourceTree = "<group>"; };
		8DF4C9FD2649A64C006A78DF /* API.swift */ = {isa = PBXFileReference; fileEncoding = 4; lastKnownFileType = sourcecode.swift; path = API.swift; sourceTree = "<group>"; };
		8DF4CA012649A69F006A78DF /* Apollo.swift */ = {isa = PBXFileReference; lastKnownFileType = sourcecode.swift; path = Apollo.swift; sourceTree = "<group>"; };
/* End PBXFileReference section */

/* Begin PBXFrameworksBuildPhase section */
		8DF4C9D22649A2A3006A78DF /* Frameworks */ = {
			isa = PBXFrameworksBuildPhase;
			buildActionMask = 2147483647;
			files = (
				8DF4C9F22649A4A4006A78DF /* ApolloCodegenLib in Frameworks */,
				8DF4C9EA2649A4A4006A78DF /* ApolloCore in Frameworks */,
				8DF4C9F02649A4A4006A78DF /* Apollo in Frameworks */,
				8DF4C9EE2649A4A4006A78DF /* ApolloWebSocket in Frameworks */,
				8DF4C9EC2649A4A4006A78DF /* ApolloSQLite in Frameworks */,
			);
			runOnlyForDeploymentPostprocessing = 0;
		};
/* End PBXFrameworksBuildPhase section */

/* Begin PBXGroup section */
		8DF4C9CC2649A2A3006A78DF = {
			isa = PBXGroup;
			children = (
				8DF4C9D72649A2A3006A78DF /* HelloGraphQL */,
				8DF4C9D62649A2A3006A78DF /* Products */,
			);
			sourceTree = "<group>";
		};
		8DF4C9D62649A2A3006A78DF /* Products */ = {
			isa = PBXGroup;
			children = (
				8DF4C9D52649A2A3006A78DF /* HelloGraphQL.app */,
			);
			name = Products;
			sourceTree = "<group>";
		};
		8DF4C9D72649A2A3006A78DF /* HelloGraphQL */ = {
			isa = PBXGroup;
			children = (
				8DF4C9F72649A582006A78DF /* GraphQL */,
				8DF4C9F42649A53E006A78DF /* schema.json */,
				8DF4C9D82649A2A3006A78DF /* HelloGraphQLApp.swift */,
				8DF4C9DA2649A2A3006A78DF /* ContentView.swift */,
				8DF4C9DC2649A2A4006A78DF /* Assets.xcassets */,
				8DF4C9E12649A2A4006A78DF /* Info.plist */,
				8DF4C9DE2649A2A4006A78DF /* Preview Content */,
				8DA62DB7264C0F0800BD5AA9 /* CountryDetailView.swift */,
			);
			path = HelloGraphQL;
			sourceTree = "<group>";
		};
		8DF4C9DE2649A2A4006A78DF /* Preview Content */ = {
			isa = PBXGroup;
			children = (
				8DF4C9DF2649A2A4006A78DF /* Preview Assets.xcassets */,
			);
			path = "Preview Content";
			sourceTree = "<group>";
		};
		8DF4C9F72649A582006A78DF /* GraphQL */ = {
			isa = PBXGroup;
			children = (
				8DF4C9FD2649A64C006A78DF /* API.swift */,
				8DF4C9F82649A59E006A78DF /* Queries.graphql */,
				8DF4CA012649A69F006A78DF /* Apollo.swift */,
			);
			path = GraphQL;
			sourceTree = "<group>";
		};
/* End PBXGroup section */

/* Begin PBXNativeTarget section */
		8DF4C9D42649A2A3006A78DF /* HelloGraphQL */ = {
			isa = PBXNativeTarget;
			buildConfigurationList = 8DF4C9E42649A2A4006A78DF /* Build configuration list for PBXNativeTarget "HelloGraphQL" */;
			buildPhases = (
				8DF4C9FB2649A5EE006A78DF /* Generate Apollo GraphQL API */,
				8DF4C9D12649A2A3006A78DF /* Sources */,
				8DF4C9D22649A2A3006A78DF /* Frameworks */,
				8DF4C9D32649A2A3006A78DF /* Resources */,
			);
			buildRules = (
			);
			dependencies = (
			);
			name = HelloGraphQL;
			packageProductDependencies = (
				8DF4C9E92649A4A4006A78DF /* ApolloCore */,
				8DF4C9EB2649A4A4006A78DF /* ApolloSQLite */,
				8DF4C9ED2649A4A4006A78DF /* ApolloWebSocket */,
				8DF4C9EF2649A4A4006A78DF /* Apollo */,
				8DF4C9F12649A4A4006A78DF /* ApolloCodegenLib */,
			);
			productName = HelloGraphQL;
			productReference = 8DF4C9D52649A2A3006A78DF /* HelloGraphQL.app */;
			productType = "com.apple.product-type.application";
		};
/* End PBXNativeTarget section */

/* Begin PBXProject section */
		8DF4C9CD2649A2A3006A78DF /* Project object */ = {
			isa = PBXProject;
			attributes = {
				LastSwiftUpdateCheck = 1240;
				LastUpgradeCheck = 1240;
				TargetAttributes = {
					8DF4C9D42649A2A3006A78DF = {
						CreatedOnToolsVersion = 12.4;
					};
				};
			};
			buildConfigurationList = 8DF4C9D02649A2A3006A78DF /* Build configuration list for PBXProject "HelloGraphQL" */;
			compatibilityVersion = "Xcode 9.3";
			developmentRegion = en;
			hasScannedForEncodings = 0;
			knownRegions = (
				en,
				Base,
			);
			mainGroup = 8DF4C9CC2649A2A3006A78DF;
			packageReferences = (
				8DF4C9E82649A4A4006A78DF /* XCRemoteSwiftPackageReference "apollo-ios" */,
			);
			productRefGroup = 8DF4C9D62649A2A3006A78DF /* Products */;
			projectDirPath = "";
			projectRoot = "";
			targets = (
				8DF4C9D42649A2A3006A78DF /* HelloGraphQL */,
			);
		};
/* End PBXProject section */

/* Begin PBXResourcesBuildPhase section */
		8DF4C9D32649A2A3006A78DF /* Resources */ = {
			isa = PBXResourcesBuildPhase;
			buildActionMask = 2147483647;
			files = (
				8DF4C9F92649A59E006A78DF /* Queries.graphql in Resources */,
				8DF4C9E02649A2A4006A78DF /* Preview Assets.xcassets in Resources */,
				8DF4C9F52649A53E006A78DF /* schema.json in Resources */,
				8DF4C9DD2649A2A4006A78DF /* Assets.xcassets in Resources */,
			);
			runOnlyForDeploymentPostprocessing = 0;
		};
/* End PBXResourcesBuildPhase section */

/* Begin PBXShellScriptBuildPhase section */
		8DF4C9FB2649A5EE006A78DF /* Generate Apollo GraphQL API */ = {
			isa = PBXShellScriptBuildPhase;
			buildActionMask = 2147483647;
			files = (
			);
			inputFileListPaths = (
			);
			inputPaths = (
			);
			name = "Generate Apollo GraphQL API";
			outputFileListPaths = (
			);
			outputPaths = (
			);
			runOnlyForDeploymentPostprocessing = 0;
			shellPath = /bin/sh;
			shellScript = "# Go to the build root and search up the chain to find the Derived Data Path where the source packages are checked out.\nDERIVED_DATA_CANDIDATE=\"${BUILD_ROOT}\"\n\nwhile ! [ -d \"${DERIVED_DATA_CANDIDATE}/SourcePackages\" ]; do\n  if [ \"${DERIVED_DATA_CANDIDATE}\" = / ]; then\n    echo >&2 \"error: Unable to locate SourcePackages directory from BUILD_ROOT: '${BUILD_ROOT}'\"\n    exit 1\n  fi\n\n  DERIVED_DATA_CANDIDATE=\"$(dirname \"${DERIVED_DATA_CANDIDATE}\")\"\ndone\n\n# Grab a reference to the directory where scripts are checked out\nSCRIPT_PATH=\"${DERIVED_DATA_CANDIDATE}/SourcePackages/checkouts/apollo-ios/scripts\"\n\nif [ -z \"${SCRIPT_PATH}\" ]; then\n    echo >&2 \"error: Couldn't find the CLI script in your checked out SPM packages; make sure to add the framework to your project.\"\n    exit 1\nfi\n\ncd \"${SRCROOT}/${TARGET_NAME}\"\n\"${SCRIPT_PATH}\"/run-bundled-codegen.sh codegen:generate --target=swift --includes=./**/*.graphql --localSchemaFile=\"schema.json\" ./GraphQL/API.swift\n";
		};
/* End PBXShellScriptBuildPhase section */

/* Begin PBXSourcesBuildPhase section */
		8DF4C9D12649A2A3006A78DF /* Sources */ = {
			isa = PBXSourcesBuildPhase;
			buildActionMask = 2147483647;
			files = (
				8DF4C9DB2649A2A3006A78DF /* ContentView.swift in Sources */,
				8DF4C9FE2649A64C006A78DF /* API.swift in Sources */,
				8DF4CA022649A69F006A78DF /* Apollo.swift in Sources */,
				8DF4C9D92649A2A3006A78DF /* HelloGraphQLApp.swift in Sources */,
				8DA62DB8264C0F0800BD5AA9 /* CountryDetailView.swift in Sources */,
			);
			runOnlyForDeploymentPostprocessing = 0;
		};
/* End PBXSourcesBuildPhase section */

/* Begin XCBuildConfiguration section */
		8DF4C9E22649A2A4006A78DF /* Debug */ = {
			isa = XCBuildConfiguration;
			buildSettings = {
				ALWAYS_SEARCH_USER_PATHS = NO;
				CLANG_ANALYZER_NONNULL = YES;
				CLANG_ANALYZER_NUMBER_OBJECT_CONVERSION = YES_AGGRESSIVE;
				CLANG_CXX_LANGUAGE_STANDARD = "gnu++14";
				CLANG_CXX_LIBRARY = "libc++";
				CLANG_ENABLE_MODULES = YES;
				CLANG_ENABLE_OBJC_ARC = YES;
				CLANG_ENABLE_OBJC_WEAK = YES;
				CLANG_WARN_BLOCK_CAPTURE_AUTORELEASING = YES;
				CLANG_WARN_BOOL_CONVERSION = YES;
				CLANG_WARN_COMMA = YES;
				CLANG_WARN_CONSTANT_CONVERSION = YES;
				CLANG_WARN_DEPRECATED_OBJC_IMPLEMENTATIONS = YES;
				CLANG_WARN_DIRECT_OBJC_ISA_USAGE = YES_ERROR;
				CLANG_WARN_DOCUMENTATION_COMMENTS = YES;
				CLANG_WARN_EMPTY_BODY = YES;
				CLANG_WARN_ENUM_CONVERSION = YES;
				CLANG_WARN_INFINITE_RECURSION = YES;
				CLANG_WARN_INT_CONVERSION = YES;
				CLANG_WARN_NON_LITERAL_NULL_CONVERSION = YES;
				CLANG_WARN_OBJC_IMPLICIT_RETAIN_SELF = YES;
				CLANG_WARN_OBJC_LITERAL_CONVERSION = YES;
				CLANG_WARN_OBJC_ROOT_CLASS = YES_ERROR;
				CLANG_WARN_QUOTED_INCLUDE_IN_FRAMEWORK_HEADER = YES;
				CLANG_WARN_RANGE_LOOP_ANALYSIS = YES;
				CLANG_WARN_STRICT_PROTOTYPES = YES;
				CLANG_WARN_SUSPICIOUS_MOVE = YES;
				CLANG_WARN_UNGUARDED_AVAILABILITY = YES_AGGRESSIVE;
				CLANG_WARN_UNREACHABLE_CODE = YES;
				CLANG_WARN__DUPLICATE_METHOD_MATCH = YES;
				COPY_PHASE_STRIP = NO;
				DEBUG_INFORMATION_FORMAT = dwarf;
				ENABLE_STRICT_OBJC_MSGSEND = YES;
				ENABLE_TESTABILITY = YES;
				GCC_C_LANGUAGE_STANDARD = gnu11;
				GCC_DYNAMIC_NO_PIC = NO;
				GCC_NO_COMMON_BLOCKS = YES;
				GCC_OPTIMIZATION_LEVEL = 0;
				GCC_PREPROCESSOR_DEFINITIONS = (
					"DEBUG=1",
					"$(inherited)",
				);
				GCC_WARN_64_TO_32_BIT_CONVERSION = YES;
				GCC_WARN_ABOUT_RETURN_TYPE = YES_ERROR;
				GCC_WARN_UNDECLARED_SELECTOR = YES;
				GCC_WARN_UNINITIALIZED_AUTOS = YES_AGGRESSIVE;
				GCC_WARN_UNUSED_FUNCTION = YES;
				GCC_WARN_UNUSED_VARIABLE = YES;
				IPHONEOS_DEPLOYMENT_TARGET = 14.4;
				MTL_ENABLE_DEBUG_INFO = INCLUDE_SOURCE;
				MTL_FAST_MATH = YES;
				ONLY_ACTIVE_ARCH = YES;
				SDKROOT = iphoneos;
				SWIFT_ACTIVE_COMPILATION_CONDITIONS = DEBUG;
				SWIFT_OPTIMIZATION_LEVEL = "-Onone";
			};
			name = Debug;
		};
		8DF4C9E32649A2A4006A78DF /* Release */ = {
			isa = XCBuildConfiguration;
			buildSettings = {
				ALWAYS_SEARCH_USER_PATHS = NO;
				CLANG_ANALYZER_NONNULL = YES;
				CLANG_ANALYZER_NUMBER_OBJECT_CONVERSION = YES_AGGRESSIVE;
				CLANG_CXX_LANGUAGE_STANDARD = "gnu++14";
				CLANG_CXX_LIBRARY = "libc++";
				CLANG_ENABLE_MODULES = YES;
				CLANG_ENABLE_OBJC_ARC = YES;
				CLANG_ENABLE_OBJC_WEAK = YES;
				CLANG_WARN_BLOCK_CAPTURE_AUTORELEASING = YES;
				CLANG_WARN_BOOL_CONVERSION = YES;
				CLANG_WARN_COMMA = YES;
				CLANG_WARN_CONSTANT_CONVERSION = YES;
				CLANG_WARN_DEPRECATED_OBJC_IMPLEMENTATIONS = YES;
				CLANG_WARN_DIRECT_OBJC_ISA_USAGE = YES_ERROR;
				CLANG_WARN_DOCUMENTATION_COMMENTS = YES;
				CLANG_WARN_EMPTY_BODY = YES;
				CLANG_WARN_ENUM_CONVERSION = YES;
				CLANG_WARN_INFINITE_RECURSION = YES;
				CLANG_WARN_INT_CONVERSION = YES;
				CLANG_WARN_NON_LITERAL_NULL_CONVERSION = YES;
				CLANG_WARN_OBJC_IMPLICIT_RETAIN_SELF = YES;
				CLANG_WARN_OBJC_LITERAL_CONVERSION = YES;
				CLANG_WARN_OBJC_ROOT_CLASS = YES_ERROR;
				CLANG_WARN_QUOTED_INCLUDE_IN_FRAMEWORK_HEADER = YES;
				CLANG_WARN_RANGE_LOOP_ANALYSIS = YES;
				CLANG_WARN_STRICT_PROTOTYPES = YES;
				CLANG_WARN_SUSPICIOUS_MOVE = YES;
				CLANG_WARN_UNGUARDED_AVAILABILITY = YES_AGGRESSIVE;
				CLANG_WARN_UNREACHABLE_CODE = YES;
				CLANG_WARN__DUPLICATE_METHOD_MATCH = YES;
				COPY_PHASE_STRIP = NO;
				DEBUG_INFORMATION_FORMAT = "dwarf-with-dsym";
				ENABLE_NS_ASSERTIONS = NO;
				ENABLE_STRICT_OBJC_MSGSEND = YES;
				GCC_C_LANGUAGE_STANDARD = gnu11;
				GCC_NO_COMMON_BLOCKS = YES;
				GCC_WARN_64_TO_32_BIT_CONVERSION = YES;
				GCC_WARN_ABOUT_RETURN_TYPE = YES_ERROR;
				GCC_WARN_UNDECLARED_SELECTOR = YES;
				GCC_WARN_UNINITIALIZED_AUTOS = YES_AGGRESSIVE;
				GCC_WARN_UNUSED_FUNCTION = YES;
				GCC_WARN_UNUSED_VARIABLE = YES;
				IPHONEOS_DEPLOYMENT_TARGET = 14.4;
				MTL_ENABLE_DEBUG_INFO = NO;
				MTL_FAST_MATH = YES;
				SDKROOT = iphoneos;
				SWIFT_COMPILATION_MODE = wholemodule;
				SWIFT_OPTIMIZATION_LEVEL = "-O";
				VALIDATE_PRODUCT = YES;
			};
			name = Release;
		};
		8DF4C9E52649A2A4006A78DF /* Debug */ = {
			isa = XCBuildConfiguration;
			buildSettings = {
				ASSETCATALOG_COMPILER_APPICON_NAME = AppIcon;
				ASSETCATALOG_COMPILER_GLOBAL_ACCENT_COLOR_NAME = AccentColor;
				CODE_SIGN_STYLE = Automatic;
				DEVELOPMENT_ASSET_PATHS = "\"HelloGraphQL/Preview Content\"";
				DEVELOPMENT_TEAM = B2Q8EGNCQA;
				ENABLE_PREVIEWS = YES;
				INFOPLIST_FILE = HelloGraphQL/Info.plist;
				IPHONEOS_DEPLOYMENT_TARGET = 14.0;
				LD_RUNPATH_SEARCH_PATHS = (
					"$(inherited)",
					"@executable_path/Frameworks",
				);
				PRODUCT_BUNDLE_IDENTIFIER = com.azamsharp.HelloGraphQL;
				PRODUCT_NAME = "$(TARGET_NAME)";
				SWIFT_VERSION = 5.0;
				TARGETED_DEVICE_FAMILY = "1,2";
			};
			name = Debug;
		};
		8DF4C9E62649A2A4006A78DF /* Release */ = {
			isa = XCBuildConfiguration;
			buildSettings = {
				ASSETCATALOG_COMPILER_APPICON_NAME = AppIcon;
				ASSETCATALOG_COMPILER_GLOBAL_ACCENT_COLOR_NAME = AccentColor;
				CODE_SIGN_STYLE = Automatic;
				DEVELOPMENT_ASSET_PATHS = "\"HelloGraphQL/Preview Content\"";
				DEVELOPMENT_TEAM = B2Q8EGNCQA;
				ENABLE_PREVIEWS = YES;
				INFOPLIST_FILE = HelloGraphQL/Info.plist;
				IPHONEOS_DEPLOYMENT_TARGET = 14.0;
				LD_RUNPATH_SEARCH_PATHS = (
					"$(inherited)",
					"@executable_path/Frameworks",
				);
				PRODUCT_BUNDLE_IDENTIFIER = com.azamsharp.HelloGraphQL;
				PRODUCT_NAME = "$(TARGET_NAME)";
				SWIFT_VERSION = 5.0;
				TARGETED_DEVICE_FAMILY = "1,2";
			};
			name = Release;
		};
/* End XCBuildConfiguration section */

/* Begin XCConfigurationList section */
		8DF4C9D02649A2A3006A78DF /* Build configuration list for PBXProject "HelloGraphQL" */ = {
			isa = XCConfigurationList;
			buildConfigurations = (
				8DF4C9E22649A2A4006A78DF /* Debug */,
				8DF4C9E32649A2A4006A78DF /* Release */,
			);
			defaultConfigurationIsVisible = 0;
			defaultConfigurationName = Release;
		};
		8DF4C9E42649A2A4006A78DF /* Build configuration list for PBXNativeTarget "HelloGraphQL" */ = {
			isa = XCConfigurationList;
			buildConfigurations = (
				8DF4C9E52649A2A4006A78DF /* Debug */,
				8DF4C9E62649A2A4006A78DF /* Release */,
			);
			defaultConfigurationIsVisible = 0;
			defaultConfigurationName = Release;
		};
/* End XCConfigurationList section */

/* Begin XCRemoteSwiftPackageReference section */
		8DF4C9E82649A4A4006A78DF /* XCRemoteSwiftPackageReference "apollo-ios" */ = {
			isa = XCRemoteSwiftPackageReference;
			repositoryURL = "https://github.com/apollographql/apollo-ios.git";
			requirement = {
				kind = upToNextMajorVersion;
				minimumVersion = 0.43.0;
			};
		};
/* End XCRemoteSwiftPackageReference section */

/* Begin XCSwiftPackageProductDependency section */
		8DF4C9E92649A4A4006A78DF /* ApolloCore */ = {
			isa = XCSwiftPackageProductDependency;
			package = 8DF4C9E82649A4A4006A78DF /* XCRemoteSwiftPackageReference "apollo-ios" */;
			productName = ApolloCore;
		};
		8DF4C9EB2649A4A4006A78DF /* ApolloSQLite */ = {
			isa = XCSwiftPackageProductDependency;
			package = 8DF4C9E82649A4A4006A78DF /* XCRemoteSwiftPackageReference "apollo-ios" */;
			productName = ApolloSQLite;
		};
		8DF4C9ED2649A4A4006A78DF /* ApolloWebSocket */ = {
			isa = XCSwiftPackageProductDependency;
			package = 8DF4C9E82649A4A4006A78DF /* XCRemoteSwiftPackageReference "apollo-ios" */;
			productName = ApolloWebSocket;
		};
		8DF4C9EF2649A4A4006A78DF /* Apollo */ = {
			isa = XCSwiftPackageProductDependency;
			package = 8DF4C9E82649A4A4006A78DF /* XCRemoteSwiftPackageReference "apollo-ios" */;
			productName = Apollo;
		};
		8DF4C9F12649A4A4006A78DF /* ApolloCodegenLib */ = {
			isa = XCSwiftPackageProductDependency;
			package = 8DF4C9E82649A4A4006A78DF /* XCRemoteSwiftPackageReference "apollo-ios" */;
			productName = ApolloCodegenLib;
		};
/* End XCSwiftPackageProductDependency section */
	};
	rootObject = 8DF4C9CD2649A2A3006A78DF /* Project object */;
}
